
Microsoft Visual Studio Solution File, Format Version 12.00
# Visual Studio Version 16
VisualStudioVersion = 16.0.30413.136
MinimumVisualStudioVersion = 10.0.40219.1
Project("{FAE04EC0-301F-11D3-BF4B-00C04F79EFBC}") = "Universitates_programm", "Universitates_programm\Universitates_programm.csproj", "{FFFAE250-7460-44F2-B597-2B46359ACD86}"
EndProject
Global
	GlobalSection(SolutionConfigurationPlatforms) = preSolution
		Debug|Any CPU = Debug|Any CPU
		Release|Any CPU = Release|Any CPU
	EndGlobalSection
	GlobalSection(ProjectConfigurationPlatforms) = postSolution
		{FFFAE250-7460-44F2-B597-2B46359ACD86}.Debug|Any CPU.ActiveCfg = Debug|Any CPU
		{FFFAE250-7460-44F2-B597-2B46359ACD86}.Debug|Any CPU.Build.0 = Debug|Any CPU
		{FFFAE250-7460-44F2-B597-2B46359ACD86}.Release|Any CPU.ActiveCfg = Release|Any CPU
		{FFFAE250-7460-44F2-B597-2B46359ACD86}.Release|Any CPU.Build.0 = Release|Any CPU
	EndGlobalSection
	GlobalSection(SolutionProperties) = preSolution
		HideSolutionNode = FALSE
	EndGlobalSection
	GlobalSection(ExtensibilityGlobals) = postSolution
		SolutionGuid = {45252E85-5DFE-4381-8F88-16E67CBA5353}
	EndGlobalSection
EndGlobal
